{
  "version": "5",
  "specifiers": {
    "jsr:@std/cli@^1.0.23": "1.0.23",
    "jsr:@std/internal@^1.0.10": "1.0.12",
    "jsr:@std/internal@^1.0.12": "1.0.12",
    "jsr:@std/path@^1.1.2": "1.1.2",
    "jsr:@valibot/valibot@^1.1.0": "1.1.0"
  },
  "jsr": {
    "@std/cli@1.0.23": {
      "integrity": "bf95b7a9425ba2af1ae5a6359daf58c508f2decf711a76ed2993cd352498ccca",
      "dependencies": [
        "jsr:@std/internal@^1.0.12"
      ]
    },
    "@std/internal@1.0.12": {
      "integrity": "972a634fd5bc34b242024402972cd5143eac68d8dffaca5eaa4dba30ce17b027"
    },
    "@std/path@1.1.2": {
      "integrity": "c0b13b97dfe06546d5e16bf3966b1cadf92e1cc83e56ba5476ad8b498d9e3038",
      "dependencies": [
        "jsr:@std/internal@^1.0.10"
      ]
    },
    "@valibot/valibot@1.1.0": {
      "integrity": "2617f02b532011b8140926899d420a3e1bbb0fcb7cdf8e7b669df89e7edd7f5f"
    }
  },
  "workspace": {
    "dependencies": [
      "jsr:@std/cli@^1.0.23",
      "jsr:@std/path@^1.1.2",
      "jsr:@valibot/valibot@^1.1.0"
    ]
  }
}
